
Microsoft Visual Studio Solution File, Format Version 12.00
# Visual Studio Version 16
VisualStudioVersion = 16.0.30804.86
MinimumVisualStudioVersion = 10.0.40219.1
Project("{FAE04EC0-301F-11D3-BF4B-00C04F79EFBC}") = "ASPNET Identity", "ASPNET Identity\ASPNET Identity.csproj", "{47F8A103-7240-4D6F-A29B-6F0B6A6CCA26}"
EndProject
Global
	GlobalSection(SolutionConfigurationPlatforms) = preSolution
		Debug|Any CPU = Debug|Any CPU
		Release|Any CPU = Release|Any CPU
	EndGlobalSection
	GlobalSection(ProjectConfigurationPlatforms) = postSolution
		{47F8A103-7240-4D6F-A29B-6F0B6A6CCA26}.Debug|Any CPU.ActiveCfg = Debug|Any CPU
		{47F8A103-7240-4D6F-A29B-6F0B6A6CCA26}.Debug|Any CPU.Build.0 = Debug|Any CPU
		{47F8A103-7240-4D6F-A29B-6F0B6A6CCA26}.Release|Any CPU.ActiveCfg = Release|Any CPU
		{47F8A103-7240-4D6F-A29B-6F0B6A6CCA26}.Release|Any CPU.Build.0 = Release|Any CPU
	EndGlobalSection
	GlobalSection(SolutionProperties) = preSolution
		HideSolutionNode = FALSE
	EndGlobalSection
	GlobalSection(ExtensibilityGlobals) = postSolution
		SolutionGuid = {625DAC49-0665-4AE6-8C97-C7557BCF741E}
	EndGlobalSection
EndGlobal
